
Microsoft Visual Studio Solution File, Format Version 11.00
# Visual Studio 2010
Project("{FAE04EC0-301F-11D3-BF4B-00C04F79EFBC}") = "DifferentialQueryConsoleApplication", "ConsoleApplication\DifferentialQueryConsoleApplication.csproj", "{FE14AE0B-4328-4633-ABFA-C87000175BD2}"
EndProject
Project("{FAE04EC0-301F-11D3-BF4B-00C04F79EFBC}") = "DifferentialQueryClient", "Client\DifferentialQueryClient.csproj", "{9A0A15A3-AE15-4640-8857-79EEB90067E0}"
EndProject
Project("{FAE04EC0-301F-11D3-BF4B-00C04F79EFBC}") = "WindowsService", "WindowsService\WindowsService.csproj", "{0426D12A-507F-4D3A-9C46-9393890FCDE5}"
EndProject
Global
	GlobalSection(SolutionConfigurationPlatforms) = preSolution
		Debug|Any CPU = Debug|Any CPU
		Release|Any CPU = Release|Any CPU
	EndGlobalSection
	GlobalSection(ProjectConfigurationPlatforms) = postSolution
		{FE14AE0B-4328-4633-ABFA-C87000175BD2}.Debug|Any CPU.ActiveCfg = Debug|Any CPU
		{FE14AE0B-4328-4633-ABFA-C87000175BD2}.Debug|Any CPU.Build.0 = Debug|Any CPU
		{FE14AE0B-4328-4633-ABFA-C87000175BD2}.Release|Any CPU.ActiveCfg = Release|Any CPU
		{FE14AE0B-4328-4633-ABFA-C87000175BD2}.Release|Any CPU.Build.0 = Release|Any CPU
		{9A0A15A3-AE15-4640-8857-79EEB90067E0}.Debug|Any CPU.ActiveCfg = Debug|Any CPU
		{9A0A15A3-AE15-4640-8857-79EEB90067E0}.Debug|Any CPU.Build.0 = Debug|Any CPU
		{9A0A15A3-AE15-4640-8857-79EEB90067E0}.Release|Any CPU.ActiveCfg = Release|Any CPU
		{9A0A15A3-AE15-4640-8857-79EEB90067E0}.Release|Any CPU.Build.0 = Release|Any CPU
		{0426D12A-507F-4D3A-9C46-9393890FCDE5}.Debug|Any CPU.ActiveCfg = Debug|Any CPU
		{0426D12A-507F-4D3A-9C46-9393890FCDE5}.Debug|Any CPU.Build.0 = Debug|Any CPU
		{0426D12A-507F-4D3A-9C46-9393890FCDE5}.Release|Any CPU.ActiveCfg = Release|Any CPU
		{0426D12A-507F-4D3A-9C46-9393890FCDE5}.Release|Any CPU.Build.0 = Release|Any CPU
	EndGlobalSection
	GlobalSection(SolutionProperties) = preSolution
		HideSolutionNode = FALSE
	EndGlobalSection
EndGlobal
